
Microsoft Visual Studio Solution File, Format Version 12.00
# Visual Studio Version 17
VisualStudioVersion = 17.1.32210.238
MinimumVisualStudioVersion = 10.0.40219.1
Project("{FAE04EC0-301F-11D3-BF4B-00C04F79EFBC}") = "ASPProject", "ASPProject\ASPProject.csproj", "{51094BB3-10CA-4F53-9232-D9FA5490C8B4}"
EndProject
Global
	GlobalSection(SolutionConfigurationPlatforms) = preSolution
		Debug|Any CPU = Debug|Any CPU
		Release|Any CPU = Release|Any CPU
	EndGlobalSection
	GlobalSection(ProjectConfigurationPlatforms) = postSolution
		{51094BB3-10CA-4F53-9232-D9FA5490C8B4}.Debug|Any CPU.ActiveCfg = Debug|Any CPU
		{51094BB3-10CA-4F53-9232-D9FA5490C8B4}.Debug|Any CPU.Build.0 = Debug|Any CPU
		{51094BB3-10CA-4F53-9232-D9FA5490C8B4}.Release|Any CPU.ActiveCfg = Release|Any CPU
		{51094BB3-10CA-4F53-9232-D9FA5490C8B4}.Release|Any CPU.Build.0 = Release|Any CPU
	EndGlobalSection
	GlobalSection(SolutionProperties) = preSolution
		HideSolutionNode = FALSE
	EndGlobalSection
	GlobalSection(ExtensibilityGlobals) = postSolution
		SolutionGuid = {1F33167A-AA2B-4869-A8C1-7418613327CB}
	EndGlobalSection
EndGlobal
